
Microsoft Visual Studio Solution File, Format Version 12.00
# Visual Studio Version 17
VisualStudioVersion = 17.8.34525.116
MinimumVisualStudioVersion = 10.0.40219.1
Project("{9A19103F-16F7-4668-BE54-9A1E7A4F7556}") = "PatientManagementApi", "PatientManagementApi.csproj", "{02731DE4-3D34-4A06-ACB7-6D96F519AF7C}"
EndProject
Global
	GlobalSection(SolutionConfigurationPlatforms) = preSolution
		Debug|Any CPU = Debug|Any CPU
		Release|Any CPU = Release|Any CPU
	EndGlobalSection
	GlobalSection(ProjectConfigurationPlatforms) = postSolution
		{02731DE4-3D34-4A06-ACB7-6D96F519AF7C}.Debug|Any CPU.ActiveCfg = Debug|Any CPU
		{02731DE4-3D34-4A06-ACB7-6D96F519AF7C}.Debug|Any CPU.Build.0 = Debug|Any CPU
		{02731DE4-3D34-4A06-ACB7-6D96F519AF7C}.Release|Any CPU.ActiveCfg = Release|Any CPU
		{02731DE4-3D34-4A06-ACB7-6D96F519AF7C}.Release|Any CPU.Build.0 = Release|Any CPU
	EndGlobalSection
	GlobalSection(SolutionProperties) = preSolution
		HideSolutionNode = FALSE
	EndGlobalSection
	GlobalSection(ExtensibilityGlobals) = postSolution
		SolutionGuid = {E774DE93-AB99-4E22-AE1C-6B939646088E}
	EndGlobalSection
EndGlobal
